// !$*UTF8*$!
{
	archiveVersion = 1;
	classes = {
	};
	objectVersion = 46;
	objects = {

/* Begin PBXBuildFile section */
		A43BBADB1C790810002701DB /* AppDelegate.swift in Sources */ = {isa = PBXBuildFile; fileRef = A43BBADA1C790810002701DB /* AppDelegate.swift */; };
		A43BBADD1C790810002701DB /* ViewController.swift in Sources */ = {isa = PBXBuildFile; fileRef = A43BBADC1C790810002701DB /* ViewController.swift */; };
		A43BBAE01C790810002701DB /* Main.storyboard in Resources */ = {isa = PBXBuildFile; fileRef = A43BBADE1C790810002701DB /* Main.storyboard */; };
		A43BBAE21C790810002701DB /* Assets.xcassets in Resources */ = {isa = PBXBuildFile; fileRef = A43BBAE11C790810002701DB /* Assets.xcassets */; };
		A43BBAE51C790810002701DB /* LaunchScreen.storyboard in Resources */ = {isa = PBXBuildFile; fileRef = A43BBAE31C790810002701DB /* LaunchScreen.storyboard */; };
		A43BBAED1C792DAC002701DB /* SettingsViewController.swift in Sources */ = {isa = PBXBuildFile; fileRef = A43BBAEC1C792DAC002701DB /* SettingsViewController.swift */; };
		A43BBAEF1C792E5B002701DB /* SearchActiveViewController.swift in Sources */ = {isa = PBXBuildFile; fileRef = A43BBAEE1C792E5B002701DB /* SearchActiveViewController.swift */; };
		A43BBAF11C792F0D002701DB /* SearchAutoCompleteViewController.swift in Sources */ = {isa = PBXBuildFile; fileRef = A43BBAF01C792F0D002701DB /* SearchAutoCompleteViewController.swift */; };
		A43BBAF31C793203002701DB /* HamburgerDetailViewController.swift in Sources */ = {isa = PBXBuildFile; fileRef = A43BBAF21C793203002701DB /* HamburgerDetailViewController.swift */; };
/* End PBXBuildFile section */

/* Begin PBXFileReference section */
		A43BBAD71C790810002701DB /* Week-1-Lab-Pt2.app */ = {isa = PBXFileReference; explicitFileType = wrapper.application; includeInIndex = 0; path = "Week-1-Lab-Pt2.app"; sourceTree = BUILT_PRODUCTS_DIR; };
		A43BBADA1C790810002701DB /* AppDelegate.swift */ = {isa = PBXFileReference; lastKnownFileType = sourcecode.swift; path = AppDelegate.swift; sourceTree = "<group>"; };
		A43BBADC1C790810002701DB /* ViewController.swift */ = {isa = PBXFileReference; lastKnownFileType = sourcecode.swift; path = ViewController.swift; sourceTree = "<group>"; };
		A43BBADF1C790810002701DB /* Base */ = {isa = PBXFileReference; lastKnownFileType = file.storyboard; name = Base; path = Base.lproj/Main.storyboard; sourceTree = "<group>"; };
		A43BBAE11C790810002701DB /* Assets.xcassets */ = {isa = PBXFileReference; lastKnownFileType = folder.assetcatalog; path = Assets.xcassets; sourceTree = "<group>"; };
		A43BBAE41C790810002701DB /* Base */ = {isa = PBXFileReference; lastKnownFileType = file.storyboard; name = Base; path = Base.lproj/LaunchScreen.storyboard; sourceTree = "<group>"; };
		A43BBAE61C790810002701DB /* Info.plist */ = {isa = PBXFileReference; lastKnownFileType = text.plist.xml; path = Info.plist; sourceTree = "<group>"; };
		A43BBAEC1C792DAC002701DB /* SettingsViewController.swift */ = {isa = PBXFileReference; fileEncoding = 4; lastKnownFileType = sourcecode.swift; path = SettingsViewController.swift; sourceTree = "<group>"; };
		A43BBAEE1C792E5B002701DB /* SearchActiveViewController.swift */ = {isa = PBXFileReference; fileEncoding = 4; lastKnownFileType = sourcecode.swift; path = SearchActiveViewController.swift; sourceTree = "<group>"; };
		A43BBAF01C792F0D002701DB /* SearchAutoCompleteViewController.swift */ = {isa = PBXFileReference; fileEncoding = 4; lastKnownFileType = sourcecode.swift; path = SearchAutoCompleteViewController.swift; sourceTree = "<group>"; };
		A43BBAF21C793203002701DB /* HamburgerDetailViewController.swift */ = {isa = PBXFileReference; fileEncoding = 4; lastKnownFileType = sourcecode.swift; path = HamburgerDetailViewController.swift; sourceTree = "<group>"; };
/* End PBXFileReference section */

/* Begin PBXFrameworksBuildPhase section */
		A43BBAD41C790810002701DB /* Frameworks */ = {
			isa = PBXFrameworksBuildPhase;
			buildActionMask = 2147483647;
			files = (
			);
			runOnlyForDeploymentPostprocessing = 0;
		};
/* End PBXFrameworksBuildPhase section */

/* Begin PBXGroup section */
		A43BBACE1C790810002701DB = {
			isa = PBXGroup;
			children = (
				A43BBAD91C790810002701DB /* Week-1-Lab-Pt2 */,
				A43BBAD81C790810002701DB /* Products */,
			);
			sourceTree = "<group>";
		};
		A43BBAD81C790810002701DB /* Products */ = {
			isa = PBXGroup;
			children = (
				A43BBAD71C790810002701DB /* Week-1-Lab-Pt2.app */,
			);
			name = Products;
			sourceTree = "<group>";
		};
		A43BBAD91C790810002701DB /* Week-1-Lab-Pt2 */ = {
			isa = PBXGroup;
			children = (
				A43BBADA1C790810002701DB /* AppDelegate.swift */,
				A43BBAEE1C792E5B002701DB /* SearchActiveViewController.swift */,
				A43BBAF01C792F0D002701DB /* SearchAutoCompleteViewController.swift */,
				A43BBAF21C793203002701DB /* HamburgerDetailViewController.swift */,
				A43BBADC1C790810002701DB /* ViewController.swift */,
				A43BBADE1C790810002701DB /* Main.storyboard */,
				A43BBAE11C790810002701DB /* Assets.xcassets */,
				A43BBAE31C790810002701DB /* LaunchScreen.storyboard */,
				A43BBAE61C790810002701DB /* Info.plist */,
				A43BBAEC1C792DAC002701DB /* SettingsViewController.swift */,
			);
			path = "Week-1-Lab-Pt2";
			sourceTree = "<group>";
		};
/* End PBXGroup section */

/* Begin PBXNativeTarget section */
		A43BBAD61C790810002701DB /* Week-1-Lab-Pt2 */ = {
			isa = PBXNativeTarget;
			buildConfigurationList = A43BBAE91C790810002701DB /* Build configuration list for PBXNativeTarget "Week-1-Lab-Pt2" */;
			buildPhases = (
				A43BBAD31C790810002701DB /* Sources */,
				A43BBAD41C790810002701DB /* Frameworks */,
				A43BBAD51C790810002701DB /* Resources */,
			);
			buildRules = (
			);
			dependencies = (
			);
			name = "Week-1-Lab-Pt2";
			productName = "Week-1-Lab-Pt2";
			productReference = A43BBAD71C790810002701DB /* Week-1-Lab-Pt2.app */;
			productType = "com.apple.product-type.application";
		};
/* End PBXNativeTarget section */

/* Begin PBXProject section */
		A43BBACF1C790810002701DB /* Project object */ = {
			isa = PBXProject;
			attributes = {
				LastSwiftUpdateCheck = 0720;
				LastUpgradeCheck = 0720;
				ORGANIZATIONNAME = "Somerville, Walter";
				TargetAttributes = {
					A43BBAD61C790810002701DB = {
						CreatedOnToolsVersion = 7.2;
					};
				};
			};
			buildConfigurationList = A43BBAD21C790810002701DB /* Build configuration list for PBXProject "Week-1-Lab-Pt2" */;
			compatibilityVersion = "Xcode 3.2";
			developmentRegion = English;
			hasScannedForEncodings = 0;
			knownRegions = (
				en,
				Base,
			);
			mainGroup = A43BBACE1C790810002701DB;
			productRefGroup = A43BBAD81C790810002701DB /* Products */;
			projectDirPath = "";
			projectRoot = "";
			targets = (
				A43BBAD61C790810002701DB /* Week-1-Lab-Pt2 */,
			);
		};
/* End PBXProject section */

/* Begin PBXResourcesBuildPhase section */
		A43BBAD51C790810002701DB /* Resources */ = {
			isa = PBXResourcesBuildPhase;
			buildActionMask = 2147483647;
			files = (
				A43BBAE51C790810002701DB /* LaunchScreen.storyboard in Resources */,
				A43BBAE21C790810002701DB /* Assets.xcassets in Resources */,
				A43BBAE01C790810002701DB /* Main.storyboard in Resources */,
			);
			runOnlyForDeploymentPostprocessing = 0;
		};
/* End PBXResourcesBuildPhase section */

/* Begin PBXSourcesBuildPhase section */
		A43BBAD31C790810002701DB /* Sources */ = {
			isa = PBXSourcesBuildPhase;
			buildActionMask = 2147483647;
			files = (
				A43BBAEF1C792E5B002701DB /* SearchActiveViewController.swift in Sources */,
				A43BBADD1C790810002701DB /* ViewController.swift in Sources */,
				A43BBADB1C790810002701DB /* AppDelegate.swift in Sources */,
				A43BBAF31C793203002701DB /* HamburgerDetailViewController.swift in Sources */,
				A43BBAED1C792DAC002701DB /* SettingsViewController.swift in Sources */,
				A43BBAF11C792F0D002701DB /* SearchAutoCompleteViewController.swift in Sources */,
			);
			runOnlyForDeploymentPostprocessing = 0;
		};
/* End PBXSourcesBuildPhase section */

/* Begin PBXVariantGroup section */
		A43BBADE1C790810002701DB /* Main.storyboard */ = {
			isa = PBXVariantGroup;
			children = (
				A43BBADF1C790810002701DB /* Base */,
			);
			name = Main.storyboard;
			sourceTree = "<group>";
		};
		A43BBAE31C790810002701DB /* LaunchScreen.storyboard */ = {
			isa = PBXVariantGroup;
			children = (
				A43BBAE41C790810002701DB /* Base */,
			);
			name = LaunchScreen.storyboard;
			sourceTree = "<group>";
		};
/* End PBXVariantGroup section */

/* Begin XCBuildConfiguration section */
		A43BBAE71C790810002701DB /* Debug */ = {
			isa = XCBuildConfiguration;
			buildSettings = {
				ALWAYS_SEARCH_USER_PATHS = NO;
				CLANG_CXX_LANGUAGE_STANDARD = "gnu++0x";
				CLANG_CXX_LIBRARY = "libc++";
				CLANG_ENABLE_MODULES = YES;
				CLANG_ENABLE_OBJC_ARC = YES;
				CLANG_WARN_BOOL_CONVERSION = YES;
				CLANG_WARN_CONSTANT_CONVERSION = YES;
				CLANG_WARN_DIRECT_OBJC_ISA_USAGE = YES_ERROR;
				CLANG_WARN_EMPTY_BODY = YES;
				CLANG_WARN_ENUM_CONVERSION = YES;
				CLANG_WARN_INT_CONVERSION = YES;
				CLANG_WARN_OBJC_ROOT_CLASS = YES_ERROR;
				CLANG_WARN_UNREACHABLE_CODE = YES;
				CLANG_WARN__DUPLICATE_METHOD_MATCH = YES;
				"CODE_SIGN_IDENTITY[sdk=iphoneos*]" = "iPhone Developer";
				COPY_PHASE_STRIP = NO;
				DEBUG_INFORMATION_FORMAT = dwarf;
				ENABLE_STRICT_OBJC_MSGSEND = YES;
				ENABLE_TESTABILITY = YES;
				GCC_C_LANGUAGE_STANDARD = gnu99;
				GCC_DYNAMIC_NO_PIC = NO;
				GCC_NO_COMMON_BLOCKS = YES;
				GCC_OPTIMIZATION_LEVEL = 0;
				GCC_PREPROCESSOR_DEFINITIONS = (
					"DEBUG=1",
					"$(inherited)",
				);
				GCC_WARN_64_TO_32_BIT_CONVERSION = YES;
				GCC_WARN_ABOUT_RETURN_TYPE = YES_ERROR;
				GCC_WARN_UNDECLARED_SELECTOR = YES;
				GCC_WARN_UNINITIALIZED_AUTOS = YES_AGGRESSIVE;
				GCC_WARN_UNUSED_FUNCTION = YES;
				GCC_WARN_UNUSED_VARIABLE = YES;
				IPHONEOS_DEPLOYMENT_TARGET = 9.2;
				MTL_ENABLE_DEBUG_INFO = YES;
				ONLY_ACTIVE_ARCH = YES;
				SDKROOT = iphoneos;
				SWIFT_OPTIMIZATION_LEVEL = "-Onone";
			};
			name = Debug;
		};
		A43BBAE81C790810002701DB /* Release */ = {
			isa = XCBuildConfiguration;
			buildSettings = {
				ALWAYS_SEARCH_USER_PATHS = NO;
				CLANG_CXX_LANGUAGE_STANDARD = "gnu++0x";
				CLANG_CXX_LIBRARY = "libc++";
				CLANG_ENABLE_MODULES = YES;
				CLANG_ENABLE_OBJC_ARC = YES;
				CLANG_WARN_BOOL_CONVERSION = YES;
				CLANG_WARN_CONSTANT_CONVERSION = YES;
				CLANG_WARN_DIRECT_OBJC_ISA_USAGE = YES_ERROR;
				CLANG_WARN_EMPTY_BODY = YES;
				CLANG_WARN_ENUM_CONVERSION = YES;
				CLANG_WARN_INT_CONVERSION = YES;
				CLANG_WARN_OBJC_ROOT_CLASS = YES_ERROR;
				CLANG_WARN_UNREACHABLE_CODE = YES;
				CLANG_WARN__DUPLICATE_METHOD_MATCH = YES;
				"CODE_SIGN_IDENTITY[sdk=iphoneos*]" = "iPhone Developer";
				COPY_PHASE_STRIP = NO;
				DEBUG_INFORMATION_FORMAT = "dwarf-with-dsym";
				ENABLE_NS_ASSERTIONS = NO;
				ENABLE_STRICT_OBJC_MSGSEND = YES;
				GCC_C_LANGUAGE_STANDARD = gnu99;
				GCC_NO_COMMON_BLOCKS = YES;
				GCC_WARN_64_TO_32_BIT_CONVERSION = YES;
				GCC_WARN_ABOUT_RETURN_TYPE = YES_ERROR;
				GCC_WARN_UNDECLARED_SELECTOR = YES;
				GCC_WARN_UNINITIALIZED_AUTOS = YES_AGGRESSIVE;
				GCC_WARN_UNUSED_FUNCTION = YES;
				GCC_WARN_UNUSED_VARIABLE = YES;
				IPHONEOS_DEPLOYMENT_TARGET = 9.2;
				MTL_ENABLE_DEBUG_INFO = NO;
				SDKROOT = iphoneos;
				VALIDATE_PRODUCT = YES;
			};
			name = Release;
		};
		A43BBAEA1C790810002701DB /* Debug */ = {
			isa = XCBuildConfiguration;
			buildSettings = {
				ASSETCATALOG_COMPILER_APPICON_NAME = AppIcon;
				INFOPLIST_FILE = "Week-1-Lab-Pt2/Info.plist";
				LD_RUNPATH_SEARCH_PATHS = "$(inherited) @executable_path/Frameworks";
				PRODUCT_BUNDLE_IDENTIFIER = "CapitalOne.Week-1-Lab-Pt2";
				PRODUCT_NAME = "$(TARGET_NAME)";
			};
			name = Debug;
		};
		A43BBAEB1C790810002701DB /* Release */ = {
			isa = XCBuildConfiguration;
			buildSettings = {
				ASSETCATALOG_COMPILER_APPICON_NAME = AppIcon;
				INFOPLIST_FILE = "Week-1-Lab-Pt2/Info.plist";
				LD_RUNPATH_SEARCH_PATHS = "$(inherited) @executable_path/Frameworks";
				PRODUCT_BUNDLE_IDENTIFIER = "CapitalOne.Week-1-Lab-Pt2";
				PRODUCT_NAME = "$(TARGET_NAME)";
			};
			name = Release;
		};
/* End XCBuildConfiguration section */

/* Begin XCConfigurationList section */
		A43BBAD21C790810002701DB /* Build configuration list for PBXProject "Week-1-Lab-Pt2" */ = {
			isa = XCConfigurationList;
			buildConfigurations = (
				A43BBAE71C790810002701DB /* Debug */,
				A43BBAE81C790810002701DB /* Release */,
			);
			defaultConfigurationIsVisible = 0;
			defaultConfigurationName = Release;
		};
		A43BBAE91C790810002701DB /* Build configuration list for PBXNativeTarget "Week-1-Lab-Pt2" */ = {
			isa = XCConfigurationList;
			buildConfigurations = (
				A43BBAEA1C790810002701DB /* Debug */,
				A43BBAEB1C790810002701DB /* Release */,
			);
			defaultConfigurationIsVisible = 0;
			defaultConfigurationName = Release;
		};
/* End XCConfigurationList section */
	};
	rootObject = A43BBACF1C790810002701DB /* Project object */;
}
